// !$*UTF8*$!
{
	archiveVersion = 1;
	classes = {
	};
	objectVersion = 55;
	objects = {

/* Begin PBXBuildFile section */
		617D0A18A73A133334A8E1DB /* Pods_Flix_FlixUITests.framework in Frameworks */ = {isa = PBXBuildFile; fileRef = F891F0537BE5D7EA6339FFB0 /* Pods_Flix_FlixUITests.framework */; };
		ADCC5F3F27489A4D00A846D1 /* AppDelegate.swift in Sources */ = {isa = PBXBuildFile; fileRef = ADCC5F3E27489A4D00A846D1 /* AppDelegate.swift */; };
		ADCC5F4127489A4D00A846D1 /* SceneDelegate.swift in Sources */ = {isa = PBXBuildFile; fileRef = ADCC5F4027489A4D00A846D1 /* SceneDelegate.swift */; };
		ADCC5F4327489A4D00A846D1 /* MoviesViewController.swift in Sources */ = {isa = PBXBuildFile; fileRef = ADCC5F4227489A4D00A846D1 /* MoviesViewController.swift */; };
		ADCC5F4627489A4D00A846D1 /* Main.storyboard in Resources */ = {isa = PBXBuildFile; fileRef = ADCC5F4427489A4D00A846D1 /* Main.storyboard */; };
		ADCC5F4827489A4F00A846D1 /* Assets.xcassets in Resources */ = {isa = PBXBuildFile; fileRef = ADCC5F4727489A4F00A846D1 /* Assets.xcassets */; };
		ADCC5F4B27489A4F00A846D1 /* LaunchScreen.storyboard in Resources */ = {isa = PBXBuildFile; fileRef = ADCC5F4927489A4F00A846D1 /* LaunchScreen.storyboard */; };
		ADCC5F5627489A4F00A846D1 /* FlixTests.swift in Sources */ = {isa = PBXBuildFile; fileRef = ADCC5F5527489A4F00A846D1 /* FlixTests.swift */; };
		ADCC5F6027489A4F00A846D1 /* FlixUITests.swift in Sources */ = {isa = PBXBuildFile; fileRef = ADCC5F5F27489A4F00A846D1 /* FlixUITests.swift */; };
		ADCC5F6227489A4F00A846D1 /* FlixUITestsLaunchTests.swift in Sources */ = {isa = PBXBuildFile; fileRef = ADCC5F6127489A4F00A846D1 /* FlixUITestsLaunchTests.swift */; };
		ADCC5F752748BCF400A846D1 /* MovieCell.swift in Sources */ = {isa = PBXBuildFile; fileRef = ADCC5F742748BCF400A846D1 /* MovieCell.swift */; };
		ADCC5F782748C3FF00A846D1 /* AlamofireImage in Frameworks */ = {isa = PBXBuildFile; productRef = ADCC5F772748C3FF00A846D1 /* AlamofireImage */; };
		D565A119BDA32AB876389E63 /* Pods_Flix.framework in Frameworks */ = {isa = PBXBuildFile; fileRef = 8AC11D10DA7F21B2E5444240 /* Pods_Flix.framework */; };
		F516C211EAAC5AC23D5747BF /* Pods_FlixTests.framework in Frameworks */ = {isa = PBXBuildFile; fileRef = D501A6D97F5E732E68BC2732 /* Pods_FlixTests.framework */; };
/* End PBXBuildFile section */

/* Begin PBXContainerItemProxy section */
		ADCC5F5227489A4F00A846D1 /* PBXContainerItemProxy */ = {
			isa = PBXContainerItemProxy;
			containerPortal = ADCC5F3327489A4D00A846D1 /* Project object */;
			proxyType = 1;
			remoteGlobalIDString = ADCC5F3A27489A4D00A846D1;
			remoteInfo = Flix;
		};
		ADCC5F5C27489A4F00A846D1 /* PBXContainerItemProxy */ = {
			isa = PBXContainerItemProxy;
			containerPortal = ADCC5F3327489A4D00A846D1 /* Project object */;
			proxyType = 1;
			remoteGlobalIDString = ADCC5F3A27489A4D00A846D1;
			remoteInfo = Flix;
		};
/* End PBXContainerItemProxy section */

/* Begin PBXFileReference section */
		07D12AC672A9DCEF2900EC52 /* Pods-Flix.debug.xcconfig */ = {isa = PBXFileReference; includeInIndex = 1; lastKnownFileType = text.xcconfig; name = "Pods-Flix.debug.xcconfig"; path = "Target Support Files/Pods-Flix/Pods-Flix.debug.xcconfig"; sourceTree = "<group>"; };
		32AC6A8C17FD42DD8BD5BA62 /* Pods-Flix-FlixUITests.release.xcconfig */ = {isa = PBXFileReference; includeInIndex = 1; lastKnownFileType = text.xcconfig; name = "Pods-Flix-FlixUITests.release.xcconfig"; path = "Target Support Files/Pods-Flix-FlixUITests/Pods-Flix-FlixUITests.release.xcconfig"; sourceTree = "<group>"; };
		40B37844ABF5FFD7095F42B0 /* Pods-FlixTests.debug.xcconfig */ = {isa = PBXFileReference; includeInIndex = 1; lastKnownFileType = text.xcconfig; name = "Pods-FlixTests.debug.xcconfig"; path = "Target Support Files/Pods-FlixTests/Pods-FlixTests.debug.xcconfig"; sourceTree = "<group>"; };
		5D1E3CFBF48AACCA2CD0F50D /* Pods-FlixTests.release.xcconfig */ = {isa = PBXFileReference; includeInIndex = 1; lastKnownFileType = text.xcconfig; name = "Pods-FlixTests.release.xcconfig"; path = "Target Support Files/Pods-FlixTests/Pods-FlixTests.release.xcconfig"; sourceTree = "<group>"; };
		8AC11D10DA7F21B2E5444240 /* Pods_Flix.framework */ = {isa = PBXFileReference; explicitFileType = wrapper.framework; includeInIndex = 0; path = Pods_Flix.framework; sourceTree = BUILT_PRODUCTS_DIR; };
		98FBAB36F131BA147C2B61FA /* Pods-Flix.release.xcconfig */ = {isa = PBXFileReference; includeInIndex = 1; lastKnownFileType = text.xcconfig; name = "Pods-Flix.release.xcconfig"; path = "Target Support Files/Pods-Flix/Pods-Flix.release.xcconfig"; sourceTree = "<group>"; };
		ADCC5F3B27489A4D00A846D1 /* Flix.app */ = {isa = PBXFileReference; explicitFileType = wrapper.application; includeInIndex = 0; path = Flix.app; sourceTree = BUILT_PRODUCTS_DIR; };
		ADCC5F3E27489A4D00A846D1 /* AppDelegate.swift */ = {isa = PBXFileReference; lastKnownFileType = sourcecode.swift; path = AppDelegate.swift; sourceTree = "<group>"; };
		ADCC5F4027489A4D00A846D1 /* SceneDelegate.swift */ = {isa = PBXFileReference; lastKnownFileType = sourcecode.swift; path = SceneDelegate.swift; sourceTree = "<group>"; };
		ADCC5F4227489A4D00A846D1 /* MoviesViewController.swift */ = {isa = PBXFileReference; lastKnownFileType = sourcecode.swift; path = MoviesViewController.swift; sourceTree = "<group>"; };
		ADCC5F4527489A4D00A846D1 /* Base */ = {isa = PBXFileReference; lastKnownFileType = file.storyboard; name = Base; path = Base.lproj/Main.storyboard; sourceTree = "<group>"; };
		ADCC5F4727489A4F00A846D1 /* Assets.xcassets */ = {isa = PBXFileReference; lastKnownFileType = folder.assetcatalog; path = Assets.xcassets; sourceTree = "<group>"; };
		ADCC5F4A27489A4F00A846D1 /* Base */ = {isa = PBXFileReference; lastKnownFileType = file.storyboard; name = Base; path = Base.lproj/LaunchScreen.storyboard; sourceTree = "<group>"; };
		ADCC5F4C27489A4F00A846D1 /* Info.plist */ = {isa = PBXFileReference; lastKnownFileType = text.plist.xml; path = Info.plist; sourceTree = "<group>"; };
		ADCC5F5127489A4F00A846D1 /* FlixTests.xctest */ = {isa = PBXFileReference; explicitFileType = wrapper.cfbundle; includeInIndex = 0; path = FlixTests.xctest; sourceTree = BUILT_PRODUCTS_DIR; };
		ADCC5F5527489A4F00A846D1 /* FlixTests.swift */ = {isa = PBXFileReference; lastKnownFileType = sourcecode.swift; path = FlixTests.swift; sourceTree = "<group>"; };
		ADCC5F5B27489A4F00A846D1 /* FlixUITests.xctest */ = {isa = PBXFileReference; explicitFileType = wrapper.cfbundle; includeInIndex = 0; path = FlixUITests.xctest; sourceTree = BUILT_PRODUCTS_DIR; };
		ADCC5F5F27489A4F00A846D1 /* FlixUITests.swift */ = {isa = PBXFileReference; lastKnownFileType = sourcecode.swift; path = FlixUITests.swift; sourceTree = "<group>"; };
		ADCC5F6127489A4F00A846D1 /* FlixUITestsLaunchTests.swift */ = {isa = PBXFileReference; lastKnownFileType = sourcecode.swift; path = FlixUITestsLaunchTests.swift; sourceTree = "<group>"; };
		ADCC5F742748BCF400A846D1 /* MovieCell.swift */ = {isa = PBXFileReference; lastKnownFileType = sourcecode.swift; path = MovieCell.swift; sourceTree = "<group>"; };
		D4FA0BBE3C4F15247B542CDF /* Pods-Flix-FlixUITests.debug.xcconfig */ = {isa = PBXFileReference; includeInIndex = 1; lastKnownFileType = text.xcconfig; name = "Pods-Flix-FlixUITests.debug.xcconfig"; path = "Target Support Files/Pods-Flix-FlixUITests/Pods-Flix-FlixUITests.debug.xcconfig"; sourceTree = "<group>"; };
		D501A6D97F5E732E68BC2732 /* Pods_FlixTests.framework */ = {isa = PBXFileReference; explicitFileType = wrapper.framework; includeInIndex = 0; path = Pods_FlixTests.framework; sourceTree = BUILT_PRODUCTS_DIR; };
		F891F0537BE5D7EA6339FFB0 /* Pods_Flix_FlixUITests.framework */ = {isa = PBXFileReference; explicitFileType = wrapper.framework; includeInIndex = 0; path = Pods_Flix_FlixUITests.framework; sourceTree = BUILT_PRODUCTS_DIR; };
/* End PBXFileReference section */

/* Begin PBXFrameworksBuildPhase section */
		ADCC5F3827489A4D00A846D1 /* Frameworks */ = {
			isa = PBXFrameworksBuildPhase;
			buildActionMask = 2147483647;
			files = (
				ADCC5F782748C3FF00A846D1 /* AlamofireImage in Frameworks */,
				D565A119BDA32AB876389E63 /* Pods_Flix.framework in Frameworks */,
			);
			runOnlyForDeploymentPostprocessing = 0;
		};
		ADCC5F4E27489A4F00A846D1 /* Frameworks */ = {
			isa = PBXFrameworksBuildPhase;
			buildActionMask = 2147483647;
			files = (
				F516C211EAAC5AC23D5747BF /* Pods_FlixTests.framework in Frameworks */,
			);
			runOnlyForDeploymentPostprocessing = 0;
		};
		ADCC5F5827489A4F00A846D1 /* Frameworks */ = {
			isa = PBXFrameworksBuildPhase;
			buildActionMask = 2147483647;
			files = (
				617D0A18A73A133334A8E1DB /* Pods_Flix_FlixUITests.framework in Frameworks */,
			);
			runOnlyForDeploymentPostprocessing = 0;
		};
/* End PBXFrameworksBuildPhase section */

/* Begin PBXGroup section */
		385E338F30BD4871515F51B4 /* Pods */ = {
			isa = PBXGroup;
			children = (
				07D12AC672A9DCEF2900EC52 /* Pods-Flix.debug.xcconfig */,
				98FBAB36F131BA147C2B61FA /* Pods-Flix.release.xcconfig */,
				D4FA0BBE3C4F15247B542CDF /* Pods-Flix-FlixUITests.debug.xcconfig */,
				32AC6A8C17FD42DD8BD5BA62 /* Pods-Flix-FlixUITests.release.xcconfig */,
				40B37844ABF5FFD7095F42B0 /* Pods-FlixTests.debug.xcconfig */,
				5D1E3CFBF48AACCA2CD0F50D /* Pods-FlixTests.release.xcconfig */,
			);
			name = Pods;
			path = Pods;
			sourceTree = "<group>";
		};
		4D54DC1865654126299E3497 /* Frameworks */ = {
			isa = PBXGroup;
			children = (
				8AC11D10DA7F21B2E5444240 /* Pods_Flix.framework */,
				F891F0537BE5D7EA6339FFB0 /* Pods_Flix_FlixUITests.framework */,
				D501A6D97F5E732E68BC2732 /* Pods_FlixTests.framework */,
			);
			name = Frameworks;
			sourceTree = "<group>";
		};
		ADCC5F3227489A4D00A846D1 = {
			isa = PBXGroup;
			children = (
				ADCC5F3D27489A4D00A846D1 /* Flix */,
				ADCC5F5427489A4F00A846D1 /* FlixTests */,
				ADCC5F5E27489A4F00A846D1 /* FlixUITests */,
				ADCC5F3C27489A4D00A846D1 /* Products */,
				385E338F30BD4871515F51B4 /* Pods */,
				4D54DC1865654126299E3497 /* Frameworks */,
			);
			sourceTree = "<group>";
		};
		ADCC5F3C27489A4D00A846D1 /* Products */ = {
			isa = PBXGroup;
			children = (
				ADCC5F3B27489A4D00A846D1 /* Flix.app */,
				ADCC5F5127489A4F00A846D1 /* FlixTests.xctest */,
				ADCC5F5B27489A4F00A846D1 /* FlixUITests.xctest */,
			);
			name = Products;
			sourceTree = "<group>";
		};
		ADCC5F3D27489A4D00A846D1 /* Flix */ = {
			isa = PBXGroup;
			children = (
				ADCC5F3E27489A4D00A846D1 /* AppDelegate.swift */,
				ADCC5F4027489A4D00A846D1 /* SceneDelegate.swift */,
				ADCC5F4227489A4D00A846D1 /* MoviesViewController.swift */,
				ADCC5F4427489A4D00A846D1 /* Main.storyboard */,
				ADCC5F4727489A4F00A846D1 /* Assets.xcassets */,
				ADCC5F742748BCF400A846D1 /* MovieCell.swift */,
				ADCC5F4927489A4F00A846D1 /* LaunchScreen.storyboard */,
				ADCC5F4C27489A4F00A846D1 /* Info.plist */,
			);
			path = Flix;
			sourceTree = "<group>";
		};
		ADCC5F5427489A4F00A846D1 /* FlixTests */ = {
			isa = PBXGroup;
			children = (
				ADCC5F5527489A4F00A846D1 /* FlixTests.swift */,
			);
			path = FlixTests;
			sourceTree = "<group>";
		};
		ADCC5F5E27489A4F00A846D1 /* FlixUITests */ = {
			isa = PBXGroup;
			children = (
				ADCC5F5F27489A4F00A846D1 /* FlixUITests.swift */,
				ADCC5F6127489A4F00A846D1 /* FlixUITestsLaunchTests.swift */,
			);
			path = FlixUITests;
			sourceTree = "<group>";
		};
/* End PBXGroup section */

/* Begin PBXNativeTarget section */
		ADCC5F3A27489A4D00A846D1 /* Flix */ = {
			isa = PBXNativeTarget;
			buildConfigurationList = ADCC5F6527489A4F00A846D1 /* Build configuration list for PBXNativeTarget "Flix" */;
			buildPhases = (
				98FB9E058AEDA86BDBAB300E /* [CP] Check Pods Manifest.lock */,
				ADCC5F3727489A4D00A846D1 /* Sources */,
				ADCC5F3827489A4D00A846D1 /* Frameworks */,
				ADCC5F3927489A4D00A846D1 /* Resources */,
				B788A854A982162E9C82EB62 /* [CP] Embed Pods Frameworks */,
			);
			buildRules = (
			);
			dependencies = (
			);
			name = Flix;
			packageProductDependencies = (
				ADCC5F772748C3FF00A846D1 /* AlamofireImage */,
			);
			productName = Flix;
			productReference = ADCC5F3B27489A4D00A846D1 /* Flix.app */;
			productType = "com.apple.product-type.application";
		};
		ADCC5F5027489A4F00A846D1 /* FlixTests */ = {
			isa = PBXNativeTarget;
			buildConfigurationList = ADCC5F6827489A4F00A846D1 /* Build configuration list for PBXNativeTarget "FlixTests" */;
			buildPhases = (
				8A429A7B15F4E8BA53077180 /* [CP] Check Pods Manifest.lock */,
				ADCC5F4D27489A4F00A846D1 /* Sources */,
				ADCC5F4E27489A4F00A846D1 /* Frameworks */,
				ADCC5F4F27489A4F00A846D1 /* Resources */,
			);
			buildRules = (
			);
			dependencies = (
				ADCC5F5327489A4F00A846D1 /* PBXTargetDependency */,
			);
			name = FlixTests;
			productName = FlixTests;
			productReference = ADCC5F5127489A4F00A846D1 /* FlixTests.xctest */;
			productType = "com.apple.product-type.bundle.unit-test";
		};
		ADCC5F5A27489A4F00A846D1 /* FlixUITests */ = {
			isa = PBXNativeTarget;
			buildConfigurationList = ADCC5F6B27489A4F00A846D1 /* Build configuration list for PBXNativeTarget "FlixUITests" */;
			buildPhases = (
				574E067892361B26F9DB1D7C /* [CP] Check Pods Manifest.lock */,
				ADCC5F5727489A4F00A846D1 /* Sources */,
				ADCC5F5827489A4F00A846D1 /* Frameworks */,
				ADCC5F5927489A4F00A846D1 /* Resources */,
				CD65DD3566D9B1A80952D5BF /* [CP] Embed Pods Frameworks */,
			);
			buildRules = (
			);
			dependencies = (
				ADCC5F5D27489A4F00A846D1 /* PBXTargetDependency */,
			);
			name = FlixUITests;
			productName = FlixUITests;
			productReference = ADCC5F5B27489A4F00A846D1 /* FlixUITests.xctest */;
			productType = "com.apple.product-type.bundle.ui-testing";
		};
/* End PBXNativeTarget section */

/* Begin PBXProject section */
		ADCC5F3327489A4D00A846D1 /* Project object */ = {
			isa = PBXProject;
			attributes = {
				BuildIndependentTargetsInParallel = 1;
				LastSwiftUpdateCheck = 1310;
				LastUpgradeCheck = 1310;
				TargetAttributes = {
					ADCC5F3A27489A4D00A846D1 = {
						CreatedOnToolsVersion = 13.1;
					};
					ADCC5F5027489A4F00A846D1 = {
						CreatedOnToolsVersion = 13.1;
						TestTargetID = ADCC5F3A27489A4D00A846D1;
					};
					ADCC5F5A27489A4F00A846D1 = {
						CreatedOnToolsVersion = 13.1;
						TestTargetID = ADCC5F3A27489A4D00A846D1;
					};
				};
			};
			buildConfigurationList = ADCC5F3627489A4D00A846D1 /* Build configuration list for PBXProject "Flix" */;
			compatibilityVersion = "Xcode 13.0";
			developmentRegion = en;
			hasScannedForEncodings = 0;
			knownRegions = (
				en,
				Base,
			);
			mainGroup = ADCC5F3227489A4D00A846D1;
			packageReferences = (
				ADCC5F762748C3FF00A846D1 /* XCRemoteSwiftPackageReference "AlamofireImage" */,
			);
			productRefGroup = ADCC5F3C27489A4D00A846D1 /* Products */;
			projectDirPath = "";
			projectRoot = "";
			targets = (
				ADCC5F3A27489A4D00A846D1 /* Flix */,
				ADCC5F5027489A4F00A846D1 /* FlixTests */,
				ADCC5F5A27489A4F00A846D1 /* FlixUITests */,
			);
		};
/* End PBXProject section */

/* Begin PBXResourcesBuildPhase section */
		ADCC5F3927489A4D00A846D1 /* Resources */ = {
			isa = PBXResourcesBuildPhase;
			buildActionMask = 2147483647;
			files = (
				ADCC5F4B27489A4F00A846D1 /* LaunchScreen.storyboard in Resources */,
				ADCC5F4827489A4F00A846D1 /* Assets.xcassets in Resources */,
				ADCC5F4627489A4D00A846D1 /* Main.storyboard in Resources */,
			);
			runOnlyForDeploymentPostprocessing = 0;
		};
		ADCC5F4F27489A4F00A846D1 /* Resources */ = {
			isa = PBXResourcesBuildPhase;
			buildActionMask = 2147483647;
			files = (
			);
			runOnlyForDeploymentPostprocessing = 0;
		};
		ADCC5F5927489A4F00A846D1 /* Resources */ = {
			isa = PBXResourcesBuildPhase;
			buildActionMask = 2147483647;
			files = (
			);
			runOnlyForDeploymentPostprocessing = 0;
		};
/* End PBXResourcesBuildPhase section */

/* Begin PBXShellScriptBuildPhase section */
		574E067892361B26F9DB1D7C /* [CP] Check Pods Manifest.lock */ = {
			isa = PBXShellScriptBuildPhase;
			buildActionMask = 2147483647;
			files = (
			);
			inputFileListPaths = (
			);
			inputPaths = (
				"${PODS_PODFILE_DIR_PATH}/Podfile.lock",
				"${PODS_ROOT}/Manifest.lock",
			);
			name = "[CP] Check Pods Manifest.lock";
			outputFileListPaths = (
			);
			outputPaths = (
				"$(DERIVED_FILE_DIR)/Pods-Flix-FlixUITests-checkManifestLockResult.txt",
			);
			runOnlyForDeploymentPostprocessing = 0;
			shellPath = /bin/sh;
			shellScript = "diff \"${PODS_PODFILE_DIR_PATH}/Podfile.lock\" \"${PODS_ROOT}/Manifest.lock\" > /dev/null\nif [ $? != 0 ] ; then\n    # print error to STDERR\n    echo \"error: The sandbox is not in sync with the Podfile.lock. Run 'pod install' or update your CocoaPods installation.\" >&2\n    exit 1\nfi\n# This output is used by Xcode 'outputs' to avoid re-running this script phase.\necho \"SUCCESS\" > \"${SCRIPT_OUTPUT_FILE_0}\"\n";
			showEnvVarsInLog = 0;
		};
		8A429A7B15F4E8BA53077180 /* [CP] Check Pods Manifest.lock */ = {
			isa = PBXShellScriptBuildPhase;
			buildActionMask = 2147483647;
			files = (
			);
			inputFileListPaths = (
			);
			inputPaths = (
				"${PODS_PODFILE_DIR_PATH}/Podfile.lock",
				"${PODS_ROOT}/Manifest.lock",
			);
			name = "[CP] Check Pods Manifest.lock";
			outputFileListPaths = (
			);
			outputPaths = (
				"$(DERIVED_FILE_DIR)/Pods-FlixTests-checkManifestLockResult.txt",
			);
			runOnlyForDeploymentPostprocessing = 0;
			shellPath = /bin/sh;
			shellScript = "diff \"${PODS_PODFILE_DIR_PATH}/Podfile.lock\" \"${PODS_ROOT}/Manifest.lock\" > /dev/null\nif [ $? != 0 ] ; then\n    # print error to STDERR\n    echo \"error: The sandbox is not in sync with the Podfile.lock. Run 'pod install' or update your CocoaPods installation.\" >&2\n    exit 1\nfi\n# This output is used by Xcode 'outputs' to avoid re-running this script phase.\necho \"SUCCESS\" > \"${SCRIPT_OUTPUT_FILE_0}\"\n";
			showEnvVarsInLog = 0;
		};
		98FB9E058AEDA86BDBAB300E /* [CP] Check Pods Manifest.lock */ = {
			isa = PBXShellScriptBuildPhase;
			buildActionMask = 2147483647;
			files = (
			);
			inputFileListPaths = (
			);
			inputPaths = (
				"${PODS_PODFILE_DIR_PATH}/Podfile.lock",
				"${PODS_ROOT}/Manifest.lock",
			);
			name = "[CP] Check Pods Manifest.lock";
			outputFileListPaths = (
			);
			outputPaths = (
				"$(DERIVED_FILE_DIR)/Pods-Flix-checkManifestLockResult.txt",
			);
			runOnlyForDeploymentPostprocessing = 0;
			shellPath = /bin/sh;
			shellScript = "diff \"${PODS_PODFILE_DIR_PATH}/Podfile.lock\" \"${PODS_ROOT}/Manifest.lock\" > /dev/null\nif [ $? != 0 ] ; then\n    # print error to STDERR\n    echo \"error: The sandbox is not in sync with the Podfile.lock. Run 'pod install' or update your CocoaPods installation.\" >&2\n    exit 1\nfi\n# This output is used by Xcode 'outputs' to avoid re-running this script phase.\necho \"SUCCESS\" > \"${SCRIPT_OUTPUT_FILE_0}\"\n";
			showEnvVarsInLog = 0;
		};
		B788A854A982162E9C82EB62 /* [CP] Embed Pods Frameworks */ = {
			isa = PBXShellScriptBuildPhase;
			buildActionMask = 2147483647;
			files = (
			);
			inputFileListPaths = (
				"${PODS_ROOT}/Target Support Files/Pods-Flix/Pods-Flix-frameworks-${CONFIGURATION}-input-files.xcfilelist",
			);
			name = "[CP] Embed Pods Frameworks";
			outputFileListPaths = (
				"${PODS_ROOT}/Target Support Files/Pods-Flix/Pods-Flix-frameworks-${CONFIGURATION}-output-files.xcfilelist",
			);
			runOnlyForDeploymentPostprocessing = 0;
			shellPath = /bin/sh;
			shellScript = "\"${PODS_ROOT}/Target Support Files/Pods-Flix/Pods-Flix-frameworks.sh\"\n";
			showEnvVarsInLog = 0;
		};
		CD65DD3566D9B1A80952D5BF /* [CP] Embed Pods Frameworks */ = {
			isa = PBXShellScriptBuildPhase;
			buildActionMask = 2147483647;
			files = (
			);
			inputFileListPaths = (
				"${PODS_ROOT}/Target Support Files/Pods-Flix-FlixUITests/Pods-Flix-FlixUITests-frameworks-${CONFIGURATION}-input-files.xcfilelist",
			);
			name = "[CP] Embed Pods Frameworks";
			outputFileListPaths = (
				"${PODS_ROOT}/Target Support Files/Pods-Flix-FlixUITests/Pods-Flix-FlixUITests-frameworks-${CONFIGURATION}-output-files.xcfilelist",
			);
			runOnlyForDeploymentPostprocessing = 0;
			shellPath = /bin/sh;
			shellScript = "\"${PODS_ROOT}/Target Support Files/Pods-Flix-FlixUITests/Pods-Flix-FlixUITests-frameworks.sh\"\n";
			showEnvVarsInLog = 0;
		};
/* End PBXShellScriptBuildPhase section */

/* Begin PBXSourcesBuildPhase section */
		ADCC5F3727489A4D00A846D1 /* Sources */ = {
			isa = PBXSourcesBuildPhase;
			buildActionMask = 2147483647;
			files = (
				ADCC5F4327489A4D00A846D1 /* MoviesViewController.swift in Sources */,
				ADCC5F3F27489A4D00A846D1 /* AppDelegate.swift in Sources */,
				ADCC5F752748BCF400A846D1 /* MovieCell.swift in Sources */,
				ADCC5F4127489A4D00A846D1 /* SceneDelegate.swift in Sources */,
			);
			runOnlyForDeploymentPostprocessing = 0;
		};
		ADCC5F4D27489A4F00A846D1 /* Sources */ = {
			isa = PBXSourcesBuildPhase;
			buildActionMask = 2147483647;
			files = (
				ADCC5F5627489A4F00A846D1 /* FlixTests.swift in Sources */,
			);
			runOnlyForDeploymentPostprocessing = 0;
		};
		ADCC5F5727489A4F00A846D1 /* Sources */ = {
			isa = PBXSourcesBuildPhase;
			buildActionMask = 2147483647;
			files = (
				ADCC5F6027489A4F00A846D1 /* FlixUITests.swift in Sources */,
				ADCC5F6227489A4F00A846D1 /* FlixUITestsLaunchTests.swift in Sources */,
			);
			runOnlyForDeploymentPostprocessing = 0;
		};
/* End PBXSourcesBuildPhase section */

/* Begin PBXTargetDependency section */
		ADCC5F5327489A4F00A846D1 /* PBXTargetDependency */ = {
			isa = PBXTargetDependency;
			target = ADCC5F3A27489A4D00A846D1 /* Flix */;
			targetProxy = ADCC5F5227489A4F00A846D1 /* PBXContainerItemProxy */;
		};
		ADCC5F5D27489A4F00A846D1 /* PBXTargetDependency */ = {
			isa = PBXTargetDependency;
			target = ADCC5F3A27489A4D00A846D1 /* Flix */;
			targetProxy = ADCC5F5C27489A4F00A846D1 /* PBXContainerItemProxy */;
		};
/* End PBXTargetDependency section */

/* Begin PBXVariantGroup section */
		ADCC5F4427489A4D00A846D1 /* Main.storyboard */ = {
			isa = PBXVariantGroup;
			children = (
				ADCC5F4527489A4D00A846D1 /* Base */,
			);
			name = Main.storyboard;
			sourceTree = "<group>";
		};
		ADCC5F4927489A4F00A846D1 /* LaunchScreen.storyboard */ = {
			isa = PBXVariantGroup;
			children = (
				ADCC5F4A27489A4F00A846D1 /* Base */,
			);
			name = LaunchScreen.storyboard;
			sourceTree = "<group>";
		};
/* End PBXVariantGroup section */

/* Begin XCBuildConfiguration section */
		ADCC5F6327489A4F00A846D1 /* Debug */ = {
			isa = XCBuildConfiguration;
			buildSettings = {
				ALWAYS_SEARCH_USER_PATHS = NO;
				CLANG_ANALYZER_NONNULL = YES;
				CLANG_ANALYZER_NUMBER_OBJECT_CONVERSION = YES_AGGRESSIVE;
				CLANG_CXX_LANGUAGE_STANDARD = "gnu++17";
				CLANG_CXX_LIBRARY = "libc++";
				CLANG_ENABLE_MODULES = YES;
				CLANG_ENABLE_OBJC_ARC = YES;
				CLANG_ENABLE_OBJC_WEAK = YES;
				CLANG_WARN_BLOCK_CAPTURE_AUTORELEASING = YES;
				CLANG_WARN_BOOL_CONVERSION = YES;
				CLANG_WARN_COMMA = YES;
				CLANG_WARN_CONSTANT_CONVERSION = YES;
				CLANG_WARN_DEPRECATED_OBJC_IMPLEMENTATIONS = YES;
				CLANG_WARN_DIRECT_OBJC_ISA_USAGE = YES_ERROR;
				CLANG_WARN_DOCUMENTATION_COMMENTS = YES;
				CLANG_WARN_EMPTY_BODY = YES;
				CLANG_WARN_ENUM_CONVERSION = YES;
				CLANG_WARN_INFINITE_RECURSION = YES;
				CLANG_WARN_INT_CONVERSION = YES;
				CLANG_WARN_NON_LITERAL_NULL_CONVERSION = YES;
				CLANG_WARN_OBJC_IMPLICIT_RETAIN_SELF = YES;
				CLANG_WARN_OBJC_LITERAL_CONVERSION = YES;
				CLANG_WARN_OBJC_ROOT_CLASS = YES_ERROR;
				CLANG_WARN_QUOTED_INCLUDE_IN_FRAMEWORK_HEADER = YES;
				CLANG_WARN_RANGE_LOOP_ANALYSIS = YES;
				CLANG_WARN_STRICT_PROTOTYPES = YES;
				CLANG_WARN_SUSPICIOUS_MOVE = YES;
				CLANG_WARN_UNGUARDED_AVAILABILITY = YES_AGGRESSIVE;
				CLANG_WARN_UNREACHABLE_CODE = YES;
				CLANG_WARN__DUPLICATE_METHOD_MATCH = YES;
				COPY_PHASE_STRIP = NO;
				DEBUG_INFORMATION_FORMAT = dwarf;
				ENABLE_STRICT_OBJC_MSGSEND = YES;
				ENABLE_TESTABILITY = YES;
				GCC_C_LANGUAGE_STANDARD = gnu11;
				GCC_DYNAMIC_NO_PIC = NO;
				GCC_NO_COMMON_BLOCKS = YES;
				GCC_OPTIMIZATION_LEVEL = 0;
				GCC_PREPROCESSOR_DEFINITIONS = (
					"DEBUG=1",
					"$(inherited)",
				);
				GCC_WARN_64_TO_32_BIT_CONVERSION = YES;
				GCC_WARN_ABOUT_RETURN_TYPE = YES_ERROR;
				GCC_WARN_UNDECLARED_SELECTOR = YES;
				GCC_WARN_UNINITIALIZED_AUTOS = YES_AGGRESSIVE;
				GCC_WARN_UNUSED_FUNCTION = YES;
				GCC_WARN_UNUSED_VARIABLE = YES;
				IPHONEOS_DEPLOYMENT_TARGET = 15.0;
				MTL_ENABLE_DEBUG_INFO = INCLUDE_SOURCE;
				MTL_FAST_MATH = YES;
				ONLY_ACTIVE_ARCH = YES;
				SDKROOT = iphoneos;
				SWIFT_ACTIVE_COMPILATION_CONDITIONS = DEBUG;
				SWIFT_OPTIMIZATION_LEVEL = "-Onone";
			};
			name = Debug;
		};
		ADCC5F6427489A4F00A846D1 /* Release */ = {
			isa = XCBuildConfiguration;
			buildSettings = {
				ALWAYS_SEARCH_USER_PATHS = NO;
				CLANG_ANALYZER_NONNULL = YES;
				CLANG_ANALYZER_NUMBER_OBJECT_CONVERSION = YES_AGGRESSIVE;
				CLANG_CXX_LANGUAGE_STANDARD = "gnu++17";
				CLANG_CXX_LIBRARY = "libc++";
				CLANG_ENABLE_MODULES = YES;
				CLANG_ENABLE_OBJC_ARC = YES;
				CLANG_ENABLE_OBJC_WEAK = YES;
				CLANG_WARN_BLOCK_CAPTURE_AUTORELEASING = YES;
				CLANG_WARN_BOOL_CONVERSION = YES;
				CLANG_WARN_COMMA = YES;
				CLANG_WARN_CONSTANT_CONVERSION = YES;
				CLANG_WARN_DEPRECATED_OBJC_IMPLEMENTATIONS = YES;
				CLANG_WARN_DIRECT_OBJC_ISA_USAGE = YES_ERROR;
				CLANG_WARN_DOCUMENTATION_COMMENTS = YES;
				CLANG_WARN_EMPTY_BODY = YES;
				CLANG_WARN_ENUM_CONVERSION = YES;
				CLANG_WARN_INFINITE_RECURSION = YES;
				CLANG_WARN_INT_CONVERSION = YES;
				CLANG_WARN_NON_LITERAL_NULL_CONVERSION = YES;
				CLANG_WARN_OBJC_IMPLICIT_RETAIN_SELF = YES;
				CLANG_WARN_OBJC_LITERAL_CONVERSION = YES;
				CLANG_WARN_OBJC_ROOT_CLASS = YES_ERROR;
				CLANG_WARN_QUOTED_INCLUDE_IN_FRAMEWORK_HEADER = YES;
				CLANG_WARN_RANGE_LOOP_ANALYSIS = YES;
				CLANG_WARN_STRICT_PROTOTYPES = YES;
				CLANG_WARN_SUSPICIOUS_MOVE = YES;
				CLANG_WARN_UNGUARDED_AVAILABILITY = YES_AGGRESSIVE;
				CLANG_WARN_UNREACHABLE_CODE = YES;
				CLANG_WARN__DUPLICATE_METHOD_MATCH = YES;
				COPY_PHASE_STRIP = NO;
				DEBUG_INFORMATION_FORMAT = "dwarf-with-dsym";
				ENABLE_NS_ASSERTIONS = NO;
				ENABLE_STRICT_OBJC_MSGSEND = YES;
				GCC_C_LANGUAGE_STANDARD = gnu11;
				GCC_NO_COMMON_BLOCKS = YES;
				GCC_WARN_64_TO_32_BIT_CONVERSION = YES;
				GCC_WARN_ABOUT_RETURN_TYPE = YES_ERROR;
				GCC_WARN_UNDECLARED_SELECTOR = YES;
				GCC_WARN_UNINITIALIZED_AUTOS = YES_AGGRESSIVE;
				GCC_WARN_UNUSED_FUNCTION = YES;
				GCC_WARN_UNUSED_VARIABLE = YES;
				IPHONEOS_DEPLOYMENT_TARGET = 15.0;
				MTL_ENABLE_DEBUG_INFO = NO;
				MTL_FAST_MATH = YES;
				SDKROOT = iphoneos;
				SWIFT_COMPILATION_MODE = wholemodule;
				SWIFT_OPTIMIZATION_LEVEL = "-O";
				VALIDATE_PRODUCT = YES;
			};
			name = Release;
		};
		ADCC5F6627489A4F00A846D1 /* Debug */ = {
			isa = XCBuildConfiguration;
			baseConfigurationReference = 07D12AC672A9DCEF2900EC52 /* Pods-Flix.debug.xcconfig */;
			buildSettings = {
				ASSETCATALOG_COMPILER_APPICON_NAME = AppIcon;
				ASSETCATALOG_COMPILER_GLOBAL_ACCENT_COLOR_NAME = AccentColor;
				CODE_SIGN_STYLE = Automatic;
				CURRENT_PROJECT_VERSION = 1;
				DEVELOPMENT_TEAM = 5JJH7W63B3;
				GENERATE_INFOPLIST_FILE = YES;
				INFOPLIST_FILE = Flix/Info.plist;
				INFOPLIST_KEY_CFBundleDisplayName = "Flix - Unit 1";
				INFOPLIST_KEY_UIApplicationSupportsIndirectInputEvents = YES;
				INFOPLIST_KEY_UILaunchStoryboardName = LaunchScreen;
				INFOPLIST_KEY_UIMainStoryboardFile = Main;
				INFOPLIST_KEY_UISupportedInterfaceOrientations_iPad = "UIInterfaceOrientationPortrait UIInterfaceOrientationPortraitUpsideDown UIInterfaceOrientationLandscapeLeft UIInterfaceOrientationLandscapeRight";
				INFOPLIST_KEY_UISupportedInterfaceOrientations_iPhone = "UIInterfaceOrientationPortrait UIInterfaceOrientationLandscapeLeft UIInterfaceOrientationLandscapeRight";
				LD_RUNPATH_SEARCH_PATHS = (
					"$(inherited)",
					"@executable_path/Frameworks",
				);
				MARKETING_VERSION = 1.0;
				PRODUCT_BUNDLE_IDENTIFIER = com.vishalrachapudi1.FlixUnitOne;
				PRODUCT_NAME = "$(TARGET_NAME)";
				SWIFT_EMIT_LOC_STRINGS = YES;
				SWIFT_VERSION = 5.0;
				TARGETED_DEVICE_FAMILY = "1,2";
			};
			name = Debug;
		};
		ADCC5F6727489A4F00A846D1 /* Release */ = {
			isa = XCBuildConfiguration;
			baseConfigurationReference = 98FBAB36F131BA147C2B61FA /* Pods-Flix.release.xcconfig */;
			buildSettings = {
				ASSETCATALOG_COMPILER_APPICON_NAME = AppIcon;
				ASSETCATALOG_COMPILER_GLOBAL_ACCENT_COLOR_NAME = AccentColor;
				CODE_SIGN_STYLE = Automatic;
				CURRENT_PROJECT_VERSION = 1;
				DEVELOPMENT_TEAM = 5JJH7W63B3;
				GENERATE_INFOPLIST_FILE = YES;
				INFOPLIST_FILE = Flix/Info.plist;
				INFOPLIST_KEY_CFBundleDisplayName = "Flix - Unit 1";
				INFOPLIST_KEY_UIApplicationSupportsIndirectInputEvents = YES;
				INFOPLIST_KEY_UILaunchStoryboardName = LaunchScreen;
				INFOPLIST_KEY_UIMainStoryboardFile = Main;
				INFOPLIST_KEY_UISupportedInterfaceOrientations_iPad = "UIInterfaceOrientationPortrait UIInterfaceOrientationPortraitUpsideDown UIInterfaceOrientationLandscapeLeft UIInterfaceOrientationLandscapeRight";
				INFOPLIST_KEY_UISupportedInterfaceOrientations_iPhone = "UIInterfaceOrientationPortrait UIInterfaceOrientationLandscapeLeft UIInterfaceOrientationLandscapeRight";
				LD_RUNPATH_SEARCH_PATHS = (
					"$(inherited)",
					"@executable_path/Frameworks",
				);
				MARKETING_VERSION = 1.0;
				PRODUCT_BUNDLE_IDENTIFIER = com.vishalrachapudi1.FlixUnitOne;
				PRODUCT_NAME = "$(TARGET_NAME)";
				SWIFT_EMIT_LOC_STRINGS = YES;
				SWIFT_VERSION = 5.0;
				TARGETED_DEVICE_FAMILY = "1,2";
			};
			name = Release;
		};
		ADCC5F6927489A4F00A846D1 /* Debug */ = {
			isa = XCBuildConfiguration;
			baseConfigurationReference = 40B37844ABF5FFD7095F42B0 /* Pods-FlixTests.debug.xcconfig */;
			buildSettings = {
				ALWAYS_EMBED_SWIFT_STANDARD_LIBRARIES = YES;
				BUNDLE_LOADER = "$(TEST_HOST)";
				CODE_SIGN_STYLE = Automatic;
				CURRENT_PROJECT_VERSION = 1;
				GENERATE_INFOPLIST_FILE = YES;
				IPHONEOS_DEPLOYMENT_TARGET = 15.0;
				LD_RUNPATH_SEARCH_PATHS = (
					"$(inherited)",
					"@executable_path/Frameworks",
					"@loader_path/Frameworks",
				);
				MARKETING_VERSION = 1.0;
				PRODUCT_BUNDLE_IDENTIFIER = com.vishalrachapudi.FlixTests;
				PRODUCT_NAME = "$(TARGET_NAME)";
				SWIFT_EMIT_LOC_STRINGS = NO;
				SWIFT_VERSION = 5.0;
				TARGETED_DEVICE_FAMILY = "1,2";
				TEST_HOST = "$(BUILT_PRODUCTS_DIR)/Flix.app/Flix";
			};
			name = Debug;
		};
		ADCC5F6A27489A4F00A846D1 /* Release */ = {
			isa = XCBuildConfiguration;
			baseConfigurationReference = 5D1E3CFBF48AACCA2CD0F50D /* Pods-FlixTests.release.xcconfig */;
			buildSettings = {
				ALWAYS_EMBED_SWIFT_STANDARD_LIBRARIES = YES;
				BUNDLE_LOADER = "$(TEST_HOST)";
				CODE_SIGN_STYLE = Automatic;
				CURRENT_PROJECT_VERSION = 1;
				GENERATE_INFOPLIST_FILE = YES;
				IPHONEOS_DEPLOYMENT_TARGET = 15.0;
				LD_RUNPATH_SEARCH_PATHS = (
					"$(inherited)",
					"@executable_path/Frameworks",
					"@loader_path/Frameworks",
				);
				MARKETING_VERSION = 1.0;
				PRODUCT_BUNDLE_IDENTIFIER = com.vishalrachapudi.FlixTests;
				PRODUCT_NAME = "$(TARGET_NAME)";
				SWIFT_EMIT_LOC_STRINGS = NO;
				SWIFT_VERSION = 5.0;
				TARGETED_DEVICE_FAMILY = "1,2";
				TEST_HOST = "$(BUILT_PRODUCTS_DIR)/Flix.app/Flix";
			};
			name = Release;
		};
		ADCC5F6C27489A4F00A846D1 /* Debug */ = {
			isa = XCBuildConfiguration;
			baseConfigurationReference = D4FA0BBE3C4F15247B542CDF /* Pods-Flix-FlixUITests.debug.xcconfig */;
			buildSettings = {
				ALWAYS_EMBED_SWIFT_STANDARD_LIBRARIES = YES;
				CODE_SIGN_STYLE = Automatic;
				CURRENT_PROJECT_VERSION = 1;
				GENERATE_INFOPLIST_FILE = YES;
				LD_RUNPATH_SEARCH_PATHS = (
					"$(inherited)",
					"@executable_path/Frameworks",
					"@loader_path/Frameworks",
				);
				MARKETING_VERSION = 1.0;
				PRODUCT_BUNDLE_IDENTIFIER = com.vishalrachapudi.FlixUITests;
				PRODUCT_NAME = "$(TARGET_NAME)";
				SWIFT_EMIT_LOC_STRINGS = NO;
				SWIFT_VERSION = 5.0;
				TARGETED_DEVICE_FAMILY = "1,2";
				TEST_TARGET_NAME = Flix;
			};
			name = Debug;
		};
		ADCC5F6D27489A4F00A846D1 /* Release */ = {
			isa = XCBuildConfiguration;
			baseConfigurationReference = 32AC6A8C17FD42DD8BD5BA62 /* Pods-Flix-FlixUITests.release.xcconfig */;
			buildSettings = {
				ALWAYS_EMBED_SWIFT_STANDARD_LIBRARIES = YES;
				CODE_SIGN_STYLE = Automatic;
				CURRENT_PROJECT_VERSION = 1;
				GENERATE_INFOPLIST_FILE = YES;
				LD_RUNPATH_SEARCH_PATHS = (
					"$(inherited)",
					"@executable_path/Frameworks",
					"@loader_path/Frameworks",
				);
				MARKETING_VERSION = 1.0;
				PRODUCT_BUNDLE_IDENTIFIER = com.vishalrachapudi.FlixUITests;
				PRODUCT_NAME = "$(TARGET_NAME)";
				SWIFT_EMIT_LOC_STRINGS = NO;
				SWIFT_VERSION = 5.0;
				TARGETED_DEVICE_FAMILY = "1,2";
				TEST_TARGET_NAME = Flix;
			};
			name = Release;
		};
/* End XCBuildConfiguration section */

/* Begin XCConfigurationList section */
		ADCC5F3627489A4D00A846D1 /* Build configuration list for PBXProject "Flix" */ = {
			isa = XCConfigurationList;
			buildConfigurations = (
				ADCC5F6327489A4F00A846D1 /* Debug */,
				ADCC5F6427489A4F00A846D1 /* Release */,
			);
			defaultConfigurationIsVisible = 0;
			defaultConfigurationName = Release;
		};
		ADCC5F6527489A4F00A846D1 /* Build configuration list for PBXNativeTarget "Flix" */ = {
			isa = XCConfigurationList;
			buildConfigurations = (
				ADCC5F6627489A4F00A846D1 /* Debug */,
				ADCC5F6727489A4F00A846D1 /* Release */,
			);
			defaultConfigurationIsVisible = 0;
			defaultConfigurationName = Release;
		};
		ADCC5F6827489A4F00A846D1 /* Build configuration list for PBXNativeTarget "FlixTests" */ = {
			isa = XCConfigurationList;
			buildConfigurations = (
				ADCC5F6927489A4F00A846D1 /* Debug */,
				ADCC5F6A27489A4F00A846D1 /* Release */,
			);
			defaultConfigurationIsVisible = 0;
			defaultConfigurationName = Release;
		};
		ADCC5F6B27489A4F00A846D1 /* Build configuration list for PBXNativeTarget "FlixUITests" */ = {
			isa = XCConfigurationList;
			buildConfigurations = (
				ADCC5F6C27489A4F00A846D1 /* Debug */,
				ADCC5F6D27489A4F00A846D1 /* Release */,
			);
			defaultConfigurationIsVisible = 0;
			defaultConfigurationName = Release;
		};
/* End XCConfigurationList section */

/* Begin XCRemoteSwiftPackageReference section */
		ADCC5F762748C3FF00A846D1 /* XCRemoteSwiftPackageReference "AlamofireImage" */ = {
			isa = XCRemoteSwiftPackageReference;
			repositoryURL = "https://github.com/Alamofire/AlamofireImage";
			requirement = {
				kind = upToNextMajorVersion;
				minimumVersion = 4.0.0;
			};
		};
/* End XCRemoteSwiftPackageReference section */

/* Begin XCSwiftPackageProductDependency section */
		ADCC5F772748C3FF00A846D1 /* AlamofireImage */ = {
			isa = XCSwiftPackageProductDependency;
			package = ADCC5F762748C3FF00A846D1 /* XCRemoteSwiftPackageReference "AlamofireImage" */;
			productName = AlamofireImage;
		};
/* End XCSwiftPackageProductDependency section */
	};
	rootObject = ADCC5F3327489A4D00A846D1 /* Project object */;
}
